Microsoft Visual Studio Solution File, Format Version 12.00
# Visual Studio Version 17
VisualStudioVersion = 17.5.2.0
MinimumVisualStudioVersion = 10.0.40219.1
Project("{2150E333-8FDC-42A3-9474-1A3956D46DE8}") = "QuantityMeasurementApp", "QuantityMeasurementApp", "{7E54C822-180B-8947-C6D3-E6BF01F039F3}"
EndProject
Project("{2150E333-8FDC-42A3-9474-1A3956D46DE8}") = "api-gateway", "api-gateway", "{752733D7-5113-D02C-97A0-0117699672A5}"
EndProject
Project("{FAE04EC0-301F-11D3-BF4B-00C04F79EFBC}") = "ApiGateway", "QuantityMeasurementApp\api-gateway\ApiGateway.csproj", "{84D65B98-8C86-6E3C-803F-5A90E588597E}"
EndProject
Project("{2150E333-8FDC-42A3-9474-1A3956D46DE8}") = "auth-service", "auth-service", "{830FDEB5-6361-9429-939E-442ECD4F04DC}"
EndProject
Project("{FAE04EC0-301F-11D3-BF4B-00C04F79EFBC}") = "AuthService", "QuantityMeasurementApp\auth-service\AuthService.csproj", "{13D655FC-134C-CFE8-8301-A2DAE22BC6C7}"
EndProject
Project("{2150E333-8FDC-42A3-9474-1A3956D46DE8}") = "qma-service", "qma-service", "{B77B1D94-AE05-B360-343A-9106BCC09A74}"
EndProject
Project("{FAE04EC0-301F-11D3-BF4B-00C04F79EFBC}") = "QmaService", "QuantityMeasurementApp\qma-service\QmaService.csproj", "{733E7EB4-846C-3949-60FE-0AAF1B86F94A}"
EndProject
Project("{2150E333-8FDC-42A3-9474-1A3956D46DE8}") = "shared", "shared", "{DED1E10C-5DA4-D09E-9000-7A19CEA0076B}"
EndProject
Project("{2150E333-8FDC-42A3-9474-1A3956D46DE8}") = "business-service", "business-service", "{D901F627-621C-75E8-C642-5BDFFAACDE04}"
EndProject
Project("{FAE04EC0-301F-11D3-BF4B-00C04F79EFBC}") = "BusinessService", "QuantityMeasurementApp\shared\business-service\BusinessService.csproj", "{66A1A7D9-CE6C-530C-C6C0-5A87D0F0786B}"
EndProject
Project("{2150E333-8FDC-42A3-9474-1A3956D46DE8}") = "model-service", "model-service", "{3648D151-DF05-2326-5A6C-F1B4D4417414}"
EndProject
Project("{FAE04EC0-301F-11D3-BF4B-00C04F79EFBC}") = "ModelService", "QuantityMeasurementApp\shared\model-service\ModelService.csproj", "{7CA9D686-CC2B-EDFB-C63E-01C748DC5160}"
EndProject
Project("{2150E333-8FDC-42A3-9474-1A3956D46DE8}") = "repository-service", "repository-service", "{534781ED-6E99-7156-B3EC-B5B103191C3C}"
EndProject
Project("{FAE04EC0-301F-11D3-BF4B-00C04F79EFBC}") = "RepositoryService", "QuantityMeasurementApp\shared\repository-service\RepositoryService.csproj", "{A0A65D31-E50B-286E-E65E-5936DFB0DE5A}"
EndProject
Global
	GlobalSection(SolutionConfigurationPlatforms) = preSolution
		Debug|Any CPU = Debug|Any CPU
		Release|Any CPU = Release|Any CPU
	EndGlobalSection
	GlobalSection(ProjectConfigurationPlatforms) = postSolution
		{84D65B98-8C86-6E3C-803F-5A90E588597E}.Debug|Any CPU.ActiveCfg = Debug|Any CPU
		{84D65B98-8C86-6E3C-803F-5A90E588597E}.Debug|Any CPU.Build.0 = Debug|Any CPU
		{84D65B98-8C86-6E3C-803F-5A90E588597E}.Release|Any CPU.ActiveCfg = Release|Any CPU
		{84D65B98-8C86-6E3C-803F-5A90E588597E}.Release|Any CPU.Build.0 = Release|Any CPU
		{13D655FC-134C-CFE8-8301-A2DAE22BC6C7}.Debug|Any CPU.ActiveCfg = Debug|Any CPU
		{13D655FC-134C-CFE8-8301-A2DAE22BC6C7}.Debug|Any CPU.Build.0 = Debug|Any CPU
		{13D655FC-134C-CFE8-8301-A2DAE22BC6C7}.Release|Any CPU.ActiveCfg = Release|Any CPU
		{13D655FC-134C-CFE8-8301-A2DAE22BC6C7}.Release|Any CPU.Build.0 = Release|Any CPU
		{733E7EB4-846C-3949-60FE-0AAF1B86F94A}.Debug|Any CPU.ActiveCfg = Debug|Any CPU
		{733E7EB4-846C-3949-60FE-0AAF1B86F94A}.Debug|Any CPU.Build.0 = Debug|Any CPU
		{733E7EB4-846C-3949-60FE-0AAF1B86F94A}.Release|Any CPU.ActiveCfg = Release|Any CPU
		{733E7EB4-846C-3949-60FE-0AAF1B86F94A}.Release|Any CPU.Build.0 = Release|Any CPU
		{66A1A7D9-CE6C-530C-C6C0-5A87D0F0786B}.Debug|Any CPU.ActiveCfg = Debug|Any CPU
		{66A1A7D9-CE6C-530C-C6C0-5A87D0F0786B}.Debug|Any CPU.Build.0 = Debug|Any CPU
		{66A1A7D9-CE6C-530C-C6C0-5A87D0F0786B}.Release|Any CPU.ActiveCfg = Release|Any CPU
		{66A1A7D9-CE6C-530C-C6C0-5A87D0F0786B}.Release|Any CPU.Build.0 = Release|Any CPU
		{7CA9D686-CC2B-EDFB-C63E-01C748DC5160}.Debug|Any CPU.ActiveCfg = Debug|Any CPU
		{7CA9D686-CC2B-EDFB-C63E-01C748DC5160}.Debug|Any CPU.Build.0 = Debug|Any CPU
		{7CA9D686-CC2B-EDFB-C63E-01C748DC5160}.Release|Any CPU.ActiveCfg = Release|Any CPU
		{7CA9D686-CC2B-EDFB-C63E-01C748DC5160}.Release|Any CPU.Build.0 = Release|Any CPU
		{A0A65D31-E50B-286E-E65E-5936DFB0DE5A}.Debug|Any CPU.ActiveCfg = Debug|Any CPU
		{A0A65D31-E50B-286E-E65E-5936DFB0DE5A}.Debug|Any CPU.Build.0 = Debug|Any CPU
		{A0A65D31-E50B-286E-E65E-5936DFB0DE5A}.Release|Any CPU.ActiveCfg = Release|Any CPU
		{A0A65D31-E50B-286E-E65E-5936DFB0DE5A}.Release|Any CPU.Build.0 = Release|Any CPU
	EndGlobalSection
	GlobalSection(SolutionProperties) = preSolution
		HideSolutionNode = FALSE
	EndGlobalSection
	GlobalSection(NestedProjects) = preSolution
		{752733D7-5113-D02C-97A0-0117699672A5} = {7E54C822-180B-8947-C6D3-E6BF01F039F3}
		{84D65B98-8C86-6E3C-803F-5A90E588597E} = {752733D7-5113-D02C-97A0-0117699672A5}
		{830FDEB5-6361-9429-939E-442ECD4F04DC} = {7E54C822-180B-8947-C6D3-E6BF01F039F3}
		{13D655FC-134C-CFE8-8301-A2DAE22BC6C7} = {830FDEB5-6361-9429-939E-442ECD4F04DC}
		{B77B1D94-AE05-B360-343A-9106BCC09A74} = {7E54C822-180B-8947-C6D3-E6BF01F039F3}
		{733E7EB4-846C-3949-60FE-0AAF1B86F94A} = {B77B1D94-AE05-B360-343A-9106BCC09A74}
		{DED1E10C-5DA4-D09E-9000-7A19CEA0076B} = {7E54C822-180B-8947-C6D3-E6BF01F039F3}
		{D901F627-621C-75E8-C642-5BDFFAACDE04} = {DED1E10C-5DA4-D09E-9000-7A19CEA0076B}
		{66A1A7D9-CE6C-530C-C6C0-5A87D0F0786B} = {D901F627-621C-75E8-C642-5BDFFAACDE04}
		{3648D151-DF05-2326-5A6C-F1B4D4417414} = {DED1E10C-5DA4-D09E-9000-7A19CEA0076B}
		{7CA9D686-CC2B-EDFB-C63E-01C748DC5160} = {3648D151-DF05-2326-5A6C-F1B4D4417414}
		{534781ED-6E99-7156-B3EC-B5B103191C3C} = {DED1E10C-5DA4-D09E-9000-7A19CEA0076B}
		{A0A65D31-E50B-286E-E65E-5936DFB0DE5A} = {534781ED-6E99-7156-B3EC-B5B103191C3C}
	EndGlobalSection
	GlobalSection(ExtensibilityGlobals) = postSolution
		SolutionGuid = {8E690C3E-F6BD-420C-99BE-4CA0F69049B1}
	EndGlobalSection
EndGlobal
